
Microsoft Visual Studio Solution File, Format Version 12.00
# Visual Studio Version 17
VisualStudioVersion = 17.7.34009.444
MinimumVisualStudioVersion = 10.0.40219.1
Project("{FAE04EC0-301F-11D3-BF4B-00C04F79EFBC}") = "0926", "0926\0926.csproj", "{C2F21215-844B-4329-96D9-1FCC3E4C6453}"
EndProject
Global
	GlobalSection(SolutionConfigurationPlatforms) = preSolution
		Debug|Any CPU = Debug|Any CPU
		Release|Any CPU = Release|Any CPU
	EndGlobalSection
	GlobalSection(ProjectConfigurationPlatforms) = postSolution
		{C2F21215-844B-4329-96D9-1FCC3E4C6453}.Debug|Any CPU.ActiveCfg = Debug|Any CPU
		{C2F21215-844B-4329-96D9-1FCC3E4C6453}.Debug|Any CPU.Build.0 = Debug|Any CPU
		{C2F21215-844B-4329-96D9-1FCC3E4C6453}.Release|Any CPU.ActiveCfg = Release|Any CPU
		{C2F21215-844B-4329-96D9-1FCC3E4C6453}.Release|Any CPU.Build.0 = Release|Any CPU
	EndGlobalSection
	GlobalSection(SolutionProperties) = preSolution
		HideSolutionNode = FALSE
	EndGlobalSection
	GlobalSection(ExtensibilityGlobals) = postSolution
		SolutionGuid = {3C6F90E8-B744-40BD-A462-83BDA61EB256}
	EndGlobalSection
EndGlobal
